// !$*UTF8*$!
{
	archiveVersion = 1;
	classes = {
	};
	objectVersion = 46;
	objects = {

/* Begin PBXBuildFile section */
		102E8FEB174B12F500FB9299 /* PathInfo.m in Sources */ = {isa = PBXBuildFile; fileRef = 102E8FEA174B12F500FB9299 /* PathInfo.m */; };
		102E9001174B2CD400FB9299 /* MKAnnotationView+WebCache.m in Sources */ = {isa = PBXBuildFile; fileRef = 102E8FEE174B2CD400FB9299 /* MKAnnotationView+WebCache.m */; };
		102E9002174B2CD400FB9299 /* SDImageCache.m in Sources */ = {isa = PBXBuildFile; fileRef = 102E8FF0174B2CD400FB9299 /* SDImageCache.m */; };
		102E9003174B2CD400FB9299 /* SDWebImageDecoder.m in Sources */ = {isa = PBXBuildFile; fileRef = 102E8FF4174B2CD400FB9299 /* SDWebImageDecoder.m */; };
		102E9004174B2CD400FB9299 /* SDWebImageDownloader.m in Sources */ = {isa = PBXBuildFile; fileRef = 102E8FF6174B2CD400FB9299 /* SDWebImageDownloader.m */; };
		102E9005174B2CD400FB9299 /* SDWebImageManager.m in Sources */ = {isa = PBXBuildFile; fileRef = 102E8FF9174B2CD400FB9299 /* SDWebImageManager.m */; };
		102E9006174B2CD400FB9299 /* SDWebImagePrefetcher.m in Sources */ = {isa = PBXBuildFile; fileRef = 102E8FFC174B2CD400FB9299 /* SDWebImagePrefetcher.m */; };
		102E9007174B2CD400FB9299 /* UIButton+WebCache.m in Sources */ = {isa = PBXBuildFile; fileRef = 102E8FFE174B2CD400FB9299 /* UIButton+WebCache.m */; };
		102E9008174B2CD400FB9299 /* UIImageView+WebCache.m in Sources */ = {isa = PBXBuildFile; fileRef = 102E9000174B2CD400FB9299 /* UIImageView+WebCache.m */; };
		102E900A174B2CDC00FB9299 /* ImageIO.framework in Frameworks */ = {isa = PBXBuildFile; fileRef = 102E9009174B2CDC00FB9299 /* ImageIO.framework */; };
		102E900C174B2CE000FB9299 /* MapKit.framework in Frameworks */ = {isa = PBXBuildFile; fileRef = 102E900B174B2CE000FB9299 /* MapKit.framework */; };
		102E900E174B2F6A00FB9299 /* placeholder.jpg in Resources */ = {isa = PBXBuildFile; fileRef = 102E900D174B2F6A00FB9299 /* placeholder.jpg */; };
		10650BE8174CA4C000CF2455 /* 1.jpg in Resources */ = {isa = PBXBuildFile; fileRef = 10650BDD174CA4C000CF2455 /* 1.jpg */; };
		10650BE9174CA4C000CF2455 /* 2.jpg in Resources */ = {isa = PBXBuildFile; fileRef = 10650BDE174CA4C000CF2455 /* 2.jpg */; };
		10650BEA174CA4C000CF2455 /* 3.jpg in Resources */ = {isa = PBXBuildFile; fileRef = 10650BDF174CA4C000CF2455 /* 3.jpg */; };
		10650BEB174CA4C000CF2455 /* 4.jpg in Resources */ = {isa = PBXBuildFile; fileRef = 10650BE0174CA4C000CF2455 /* 4.jpg */; };
		10650BEC174CA4C000CF2455 /* 5.jpg in Resources */ = {isa = PBXBuildFile; fileRef = 10650BE1174CA4C000CF2455 /* 5.jpg */; };
		10650BED174CA4C000CF2455 /* 6.jpg in Resources */ = {isa = PBXBuildFile; fileRef = 10650BE2174CA4C000CF2455 /* 6.jpg */; };
		10650BEE174CA4C000CF2455 /* 7.jpg in Resources */ = {isa = PBXBuildFile; fileRef = 10650BE3174CA4C000CF2455 /* 7.jpg */; };
		10650BEF174CA4C000CF2455 /* 8.jpg in Resources */ = {isa = PBXBuildFile; fileRef = 10650BE4174CA4C000CF2455 /* 8.jpg */; };
		10650BF0174CA4C000CF2455 /* 9.jpg in Resources */ = {isa = PBXBuildFile; fileRef = 10650BE5174CA4C000CF2455 /* 9.jpg */; };
		10650BF1174CA4C000CF2455 /* 10.jpg in Resources */ = {isa = PBXBuildFile; fileRef = 10650BE6174CA4C000CF2455 /* 10.jpg */; };
		10650BF2174CA4C000CF2455 /* 11.jpg in Resources */ = {isa = PBXBuildFile; fileRef = 10650BE7174CA4C000CF2455 /* 11.jpg */; };
		10996C7D1749ECAE00AB3FF7 /* UIKit.framework in Frameworks */ = {isa = PBXBuildFile; fileRef = 10996C7C1749ECAE00AB3FF7 /* UIKit.framework */; };
		10996C7F1749ECAE00AB3FF7 /* Foundation.framework in Frameworks */ = {isa = PBXBuildFile; fileRef = 10996C7E1749ECAE00AB3FF7 /* Foundation.framework */; };
		10996C811749ECAE00AB3FF7 /* CoreGraphics.framework in Frameworks */ = {isa = PBXBuildFile; fileRef = 10996C801749ECAE00AB3FF7 /* CoreGraphics.framework */; };
		10996C871749ECAE00AB3FF7 /* InfoPlist.strings in Resources */ = {isa = PBXBuildFile; fileRef = 10996C851749ECAE00AB3FF7 /* InfoPlist.strings */; };
		10996C891749ECAE00AB3FF7 /* main.m in Sources */ = {isa = PBXBuildFile; fileRef = 10996C881749ECAE00AB3FF7 /* main.m */; };
		10996C8D1749ECAE00AB3FF7 /* AppDelegate.m in Sources */ = {isa = PBXBuildFile; fileRef = 10996C8C1749ECAE00AB3FF7 /* AppDelegate.m */; };
		10996C8F1749ECAE00AB3FF7 /* Default.png in Resources */ = {isa = PBXBuildFile; fileRef = 10996C8E1749ECAE00AB3FF7 /* Default.png */; };
		10996C911749ECAE00AB3FF7 /* Default@2x.png in Resources */ = {isa = PBXBuildFile; fileRef = 10996C901749ECAE00AB3FF7 /* Default@2x.png */; };
		10996C931749ECAE00AB3FF7 /* Default-568h@2x.png in Resources */ = {isa = PBXBuildFile; fileRef = 10996C921749ECAE00AB3FF7 /* Default-568h@2x.png */; };
		10996C9E1749F0A500AB3FF7 /* WaterFlowViewController.m in Sources */ = {isa = PBXBuildFile; fileRef = 10996C9D1749F0A500AB3FF7 /* WaterFlowViewController.m */; };
		10996CA01749F10B00AB3FF7 /* bg1.png in Resources */ = {isa = PBXBuildFile; fileRef = 10996C9F1749F10B00AB3FF7 /* bg1.png */; };
		10996CA91749FE7500AB3FF7 /* CellInfo.m in Sources */ = {isa = PBXBuildFile; fileRef = 10996CA81749FE7500AB3FF7 /* CellInfo.m */; };
		10996CB3174A002100AB3FF7 /* WaterFallView.m in Sources */ = {isa = PBXBuildFile; fileRef = 10996CB2174A002100AB3FF7 /* WaterFallView.m */; };
		10996CB6174A003B00AB3FF7 /* WaterFallCell.m in Sources */ = {isa = PBXBuildFile; fileRef = 10996CB5174A003B00AB3FF7 /* WaterFallCell.m */; };
/* End PBXBuildFile section */

/* Begin PBXFileReference section */
		102E8FE9174B12F500FB9299 /* PathInfo.h */ = {isa = PBXFileReference; fileEncoding = 4; lastKnownFileType = sourcecode.c.h; path = PathInfo.h; sourceTree = "<group>"; };
		102E8FEA174B12F500FB9299 /* PathInfo.m */ = {isa = PBXFileReference; fileEncoding = 4; lastKnownFileType = sourcecode.c.objc; path = PathInfo.m; sourceTree = "<group>"; };
		102E8FED174B2CD400FB9299 /* MKAnnotationView+WebCache.h */ = {isa = PBXFileReference; fileEncoding = 4; lastKnownFileType = sourcecode.c.h; path = "MKAnnotationView+WebCache.h"; sourceTree = "<group>"; };
		102E8FEE174B2CD400FB9299 /* MKAnnotationView+WebCache.m */ = {isa = PBXFileReference; fileEncoding = 4; lastKnownFileType = sourcecode.c.objc; path = "MKAnnotationView+WebCache.m"; sourceTree = "<group>"; };
		102E8FEF174B2CD400FB9299 /* SDImageCache.h */ = {isa = PBXFileReference; fileEncoding = 4; lastKnownFileType = sourcecode.c.h; path = SDImageCache.h; sourceTree = "<group>"; };
		102E8FF0174B2CD400FB9299 /* SDImageCache.m */ = {isa = PBXFileReference; fileEncoding = 4; lastKnownFileType = sourcecode.c.objc; path = SDImageCache.m; sourceTree = "<group>"; };
		102E8FF1174B2CD400FB9299 /* SDImageCacheDelegate.h */ = {isa = PBXFileReference; fileEncoding = 4; lastKnownFileType = sourcecode.c.h; path = SDImageCacheDelegate.h; sourceTree = "<group>"; };
		102E8FF2174B2CD400FB9299 /* SDWebImageCompat.h */ = {isa = PBXFileReference; fileEncoding = 4; lastKnownFileType = sourcecode.c.h; path = SDWebImageCompat.h; sourceTree = "<group>"; };
		102E8FF3174B2CD400FB9299 /* SDWebImageDecoder.h */ = {isa = PBXFileReference; fileEncoding = 4; lastKnownFileType = sourcecode.c.h; path = SDWebImageDecoder.h; sourceTree = "<group>"; };
		102E8FF4174B2CD400FB9299 /* SDWebImageDecoder.m */ = {isa = PBXFileReference; fileEncoding = 4; lastKnownFileType = sourcecode.c.objc; path = SDWebImageDecoder.m; sourceTree = "<group>"; };
		102E8FF5174B2CD400FB9299 /* SDWebImageDownloader.h */ = {isa = PBXFileReference; fileEncoding = 4; lastKnownFileType = sourcecode.c.h; path = SDWebImageDownloader.h; sourceTree = "<group>"; };
		102E8FF6174B2CD400FB9299 /* SDWebImageDownloader.m */ = {isa = PBXFileReference; fileEncoding = 4; lastKnownFileType = sourcecode.c.objc; path = SDWebImageDownloader.m; sourceTree = "<group>"; };
		102E8FF7174B2CD400FB9299 /* SDWebImageDownloaderDelegate.h */ = {isa = PBXFileReference; fileEncoding = 4; lastKnownFileType = sourcecode.c.h; path = SDWebImageDownloaderDelegate.h; sourceTree = "<group>"; };
		102E8FF8174B2CD400FB9299 /* SDWebImageManager.h */ = {isa = PBXFileReference; fileEncoding = 4; lastKnownFileType = sourcecode.c.h; path = SDWebImageManager.h; sourceTree = "<group>"; };
		102E8FF9174B2CD400FB9299 /* SDWebImageManager.m */ = {isa = PBXFileReference; fileEncoding = 4; lastKnownFileType = sourcecode.c.objc; path = SDWebImageManager.m; sourceTree = "<group>"; };
		102E8FFA174B2CD400FB9299 /* SDWebImageManagerDelegate.h */ = {isa = PBXFileReference; fileEncoding = 4; lastKnownFileType = sourcecode.c.h; path = SDWebImageManagerDelegate.h; sourceTree = "<group>"; };
		102E8FFB174B2CD400FB9299 /* SDWebImagePrefetcher.h */ = {isa = PBXFileReference; fileEncoding = 4; lastKnownFileType = sourcecode.c.h; path = SDWebImagePrefetcher.h; sourceTree = "<group>"; };
		102E8FFC174B2CD400FB9299 /* SDWebImagePrefetcher.m */ = {isa = PBXFileReference; fileEncoding = 4; lastKnownFileType = sourcecode.c.objc; path = SDWebImagePrefetcher.m; sourceTree = "<group>"; };
		102E8FFD174B2CD400FB9299 /* UIButton+WebCache.h */ = {isa = PBXFileReference; fileEncoding = 4; lastKnownFileType = sourcecode.c.h; path = "UIButton+WebCache.h"; sourceTree = "<group>"; };
		102E8FFE174B2CD400FB9299 /* UIButton+WebCache.m */ = {isa = PBXFileReference; fileEncoding = 4; lastKnownFileType = sourcecode.c.objc; path = "UIButton+WebCache.m"; sourceTree = "<group>"; };
		102E8FFF174B2CD400FB9299 /* UIImageView+WebCache.h */ = {isa = PBXFileReference; fileEncoding = 4; lastKnownFileType = sourcecode.c.h; path = "UIImageView+WebCache.h"; sourceTree = "<group>"; };
		102E9000174B2CD400FB9299 /* UIImageView+WebCache.m */ = {isa = PBXFileReference; fileEncoding = 4; lastKnownFileType = sourcecode.c.objc; path = "UIImageView+WebCache.m"; sourceTree = "<group>"; };
		102E9009174B2CDC00FB9299 /* ImageIO.framework */ = {isa = PBXFileReference; lastKnownFileType = wrapper.framework; name = ImageIO.framework; path = System/Library/Frameworks/ImageIO.framework; sourceTree = SDKROOT; };
		102E900B174B2CE000FB9299 /* MapKit.framework */ = {isa = PBXFileReference; lastKnownFileType = wrapper.framework; name = MapKit.framework; path = System/Library/Frameworks/MapKit.framework; sourceTree = SDKROOT; };
		102E900D174B2F6A00FB9299 /* placeholder.jpg */ = {isa = PBXFileReference; lastKnownFileType = image.jpeg; path = placeholder.jpg; sourceTree = "<group>"; };
		102E900F174B305C00FB9299 /* UtilityMacro.h */ = {isa = PBXFileReference; fileEncoding = 4; lastKnownFileType = sourcecode.c.h; path = UtilityMacro.h; sourceTree = "<group>"; };
		10650BDD174CA4C000CF2455 /* 1.jpg */ = {isa = PBXFileReference; lastKnownFileType = image.jpeg; path = 1.jpg; sourceTree = "<group>"; };
		10650BDE174CA4C000CF2455 /* 2.jpg */ = {isa = PBXFileReference; lastKnownFileType = image.jpeg; path = 2.jpg; sourceTree = "<group>"; };
		10650BDF174CA4C000CF2455 /* 3.jpg */ = {isa = PBXFileReference; lastKnownFileType = image.jpeg; path = 3.jpg; sourceTree = "<group>"; };
		10650BE0174CA4C000CF2455 /* 4.jpg */ = {isa = PBXFileReference; lastKnownFileType = image.jpeg; path = 4.jpg; sourceTree = "<group>"; };
		10650BE1174CA4C000CF2455 /* 5.jpg */ = {isa = PBXFileReference; lastKnownFileType = image.jpeg; path = 5.jpg; sourceTree = "<group>"; };
		10650BE2174CA4C000CF2455 /* 6.jpg */ = {isa = PBXFileReference; lastKnownFileType = image.jpeg; path = 6.jpg; sourceTree = "<group>"; };
		10650BE3174CA4C000CF2455 /* 7.jpg */ = {isa = PBXFileReference; lastKnownFileType = image.jpeg; path = 7.jpg; sourceTree = "<group>"; };
		10650BE4174CA4C000CF2455 /* 8.jpg */ = {isa = PBXFileReference; lastKnownFileType = image.jpeg; path = 8.jpg; sourceTree = "<group>"; };
		10650BE5174CA4C000CF2455 /* 9.jpg */ = {isa = PBXFileReference; lastKnownFileType = image.jpeg; path = 9.jpg; sourceTree = "<group>"; };
		10650BE6174CA4C000CF2455 /* 10.jpg */ = {isa = PBXFileReference; lastKnownFileType = image.jpeg; path = 10.jpg; sourceTree = "<group>"; };
		10650BE7174CA4C000CF2455 /* 11.jpg */ = {isa = PBXFileReference; lastKnownFileType = image.jpeg; path = 11.jpg; sourceTree = "<group>"; };
		10996C791749ECAE00AB3FF7 /* WaterFlow_edition_01.app */ = {isa = PBXFileReference; explicitFileType = wrapper.application; includeInIndex = 0; path = WaterFlow_edition_01.app; sourceTree = BUILT_PRODUCTS_DIR; };
		10996C7C1749ECAE00AB3FF7 /* UIKit.framework */ = {isa = PBXFileReference; lastKnownFileType = wrapper.framework; name = UIKit.framework; path = System/Library/Frameworks/UIKit.framework; sourceTree = SDKROOT; };
		10996C7E1749ECAE00AB3FF7 /* Foundation.framework */ = {isa = PBXFileReference; lastKnownFileType = wrapper.framework; name = Foundation.framework; path = System/Library/Frameworks/Foundation.framework; sourceTree = SDKROOT; };
		10996C801749ECAE00AB3FF7 /* CoreGraphics.framework */ = {isa = PBXFileReference; lastKnownFileType = wrapper.framework; name = CoreGraphics.framework; path = System/Library/Frameworks/CoreGraphics.framework; sourceTree = SDKROOT; };
		10996C841749ECAE00AB3FF7 /* WaterFlow_edition_01-Info.plist */ = {isa = PBXFileReference; lastKnownFileType = text.plist.xml; path = "WaterFlow_edition_01-Info.plist"; sourceTree = "<group>"; };
		10996C861749ECAE00AB3FF7 /* en */ = {isa = PBXFileReference; lastKnownFileType = text.plist.strings; name = en; path = en.lproj/InfoPlist.strings; sourceTree = "<group>"; };
		10996C881749ECAE00AB3FF7 /* main.m */ = {isa = PBXFileReference; lastKnownFileType = sourcecode.c.objc; path = main.m; sourceTree = "<group>"; };
		10996C8A1749ECAE00AB3FF7 /* WaterFlow_edition_01-Prefix.pch */ = {isa = PBXFileReference; lastKnownFileType = sourcecode.c.h; path = "WaterFlow_edition_01-Prefix.pch"; sourceTree = "<group>"; };
		10996C8B1749ECAE00AB3FF7 /* AppDelegate.h */ = {isa = PBXFileReference; lastKnownFileType = sourcecode.c.h; path = AppDelegate.h; sourceTree = "<group>"; };
		10996C8C1749ECAE00AB3FF7 /* AppDelegate.m */ = {isa = PBXFileReference; lastKnownFileType = sourcecode.c.objc; path = AppDelegate.m; sourceTree = "<group>"; };
		10996C8E1749ECAE00AB3FF7 /* Default.png */ = {isa = PBXFileReference; lastKnownFileType = image.png; path = Default.png; sourceTree = "<group>"; };
		10996C901749ECAE00AB3FF7 /* Default@2x.png */ = {isa = PBXFileReference; lastKnownFileType = image.png; path = "Default@2x.png"; sourceTree = "<group>"; };
		10996C921749ECAE00AB3FF7 /* Default-568h@2x.png */ = {isa = PBXFileReference; lastKnownFileType = image.png; path = "Default-568h@2x.png"; sourceTree = "<group>"; };
		10996C9C1749F0A500AB3FF7 /* WaterFlowViewController.h */ = {isa = PBXFileReference; fileEncoding = 4; lastKnownFileType = sourcecode.c.h; path = WaterFlowViewController.h; sourceTree = "<group>"; };
		10996C9D1749F0A500AB3FF7 /* WaterFlowViewController.m */ = {isa = PBXFileReference; fileEncoding = 4; lastKnownFileType = sourcecode.c.objc; path = WaterFlowViewController.m; sourceTree = "<group>"; };
		10996C9F1749F10B00AB3FF7 /* bg1.png */ = {isa = PBXFileReference; lastKnownFileType = image.png; path = bg1.png; sourceTree = "<group>"; };
		10996CA71749FE7500AB3FF7 /* CellInfo.h */ = {isa = PBXFileReference; fileEncoding = 4; lastKnownFileType = sourcecode.c.h; path = CellInfo.h; sourceTree = "<group>"; };
		10996CA81749FE7500AB3FF7 /* CellInfo.m */ = {isa = PBXFileReference; fileEncoding = 4; lastKnownFileType = sourcecode.c.objc; path = CellInfo.m; sourceTree = "<group>"; };
		10996CB1174A002100AB3FF7 /* WaterFallView.h */ = {isa = PBXFileReference; fileEncoding = 4; lastKnownFileType = sourcecode.c.h; path = WaterFallView.h; sourceTree = "<group>"; };
		10996CB2174A002100AB3FF7 /* WaterFallView.m */ = {isa = PBXFileReference; fileEncoding = 4; lastKnownFileType = sourcecode.c.objc; path = WaterFallView.m; sourceTree = "<group>"; };
		10996CB4174A003B00AB3FF7 /* WaterFallCell.h */ = {isa = PBXFileReference; fileEncoding = 4; lastKnownFileType = sourcecode.c.h; path = WaterFallCell.h; sourceTree = "<group>"; };
		10996CB5174A003B00AB3FF7 /* WaterFallCell.m */ = {isa = PBXFileReference; fileEncoding = 4; lastKnownFileType = sourcecode.c.objc; path = WaterFallCell.m; sourceTree = "<group>"; };
/* End PBXFileReference section */

/* Begin PBXFrameworksBuildPhase section */
		10996C761749ECAE00AB3FF7 /* Frameworks */ = {
			isa = PBXFrameworksBuildPhase;
			buildActionMask = 2147483647;
			files = (
				102E900C174B2CE000FB9299 /* MapKit.framework in Frameworks */,
				102E900A174B2CDC00FB9299 /* ImageIO.framework in Frameworks */,
				10996C7D1749ECAE00AB3FF7 /* UIKit.framework in Frameworks */,
				10996C7F1749ECAE00AB3FF7 /* Foundation.framework in Frameworks */,
				10996C811749ECAE00AB3FF7 /* CoreGraphics.framework in Frameworks */,
			);
			runOnlyForDeploymentPostprocessing = 0;
		};
/* End PBXFrameworksBuildPhase section */

/* Begin PBXGroup section */
		102E8FEC174B2CA900FB9299 /* SDWebImage */ = {
			isa = PBXGroup;
			children = (
				102E8FED174B2CD400FB9299 /* MKAnnotationView+WebCache.h */,
				102E8FEE174B2CD400FB9299 /* MKAnnotationView+WebCache.m */,
				102E8FEF174B2CD400FB9299 /* SDImageCache.h */,
				102E8FF0174B2CD400FB9299 /* SDImageCache.m */,
				102E8FF1174B2CD400FB9299 /* SDImageCacheDelegate.h */,
				102E8FF2174B2CD400FB9299 /* SDWebImageCompat.h */,
				102E8FF3174B2CD400FB9299 /* SDWebImageDecoder.h */,
				102E8FF4174B2CD400FB9299 /* SDWebImageDecoder.m */,
				102E8FF5174B2CD400FB9299 /* SDWebImageDownloader.h */,
				102E8FF6174B2CD400FB9299 /* SDWebImageDownloader.m */,
				102E8FF7174B2CD400FB9299 /* SDWebImageDownloaderDelegate.h */,
				102E8FF8174B2CD400FB9299 /* SDWebImageManager.h */,
				102E8FF9174B2CD400FB9299 /* SDWebImageManager.m */,
				102E8FFA174B2CD400FB9299 /* SDWebImageManagerDelegate.h */,
				102E8FFB174B2CD400FB9299 /* SDWebImagePrefetcher.h */,
				102E8FFC174B2CD400FB9299 /* SDWebImagePrefetcher.m */,
				102E8FFD174B2CD400FB9299 /* UIButton+WebCache.h */,
				102E8FFE174B2CD400FB9299 /* UIButton+WebCache.m */,
				102E8FFF174B2CD400FB9299 /* UIImageView+WebCache.h */,
				102E9000174B2CD400FB9299 /* UIImageView+WebCache.m */,
			);
			name = SDWebImage;
			sourceTree = "<group>";
		};
		10996C701749ECAE00AB3FF7 = {
			isa = PBXGroup;
			children = (
				10996C821749ECAE00AB3FF7 /* WaterFlow_edition_01 */,
				10996C7B1749ECAE00AB3FF7 /* Frameworks */,
				10996C7A1749ECAE00AB3FF7 /* Products */,
			);
			sourceTree = "<group>";
		};
		10996C7A1749ECAE00AB3FF7 /* Products */ = {
			isa = PBXGroup;
			children = (
				10996C791749ECAE00AB3FF7 /* WaterFlow_edition_01.app */,
			);
			name = Products;
			sourceTree = "<group>";
		};
		10996C7B1749ECAE00AB3FF7 /* Frameworks */ = {
			isa = PBXGroup;
			children = (
				10996C7C1749ECAE00AB3FF7 /* UIKit.framework */,
				10996C7E1749ECAE00AB3FF7 /* Foundation.framework */,
				10996C801749ECAE00AB3FF7 /* CoreGraphics.framework */,
			);
			name = Frameworks;
			sourceTree = "<group>";
		};
		10996C821749ECAE00AB3FF7 /* WaterFlow_edition_01 */ = {
			isa = PBXGroup;
			children = (
				10996C8B1749ECAE00AB3FF7 /* AppDelegate.h */,
				10996C8C1749ECAE00AB3FF7 /* AppDelegate.m */,
				10996C9C1749F0A500AB3FF7 /* WaterFlowViewController.h */,
				10996C9D1749F0A500AB3FF7 /* WaterFlowViewController.m */,
				102E900F174B305C00FB9299 /* UtilityMacro.h */,
				10996CB01749FEEC00AB3FF7 /* WaterFlowFall */,
				102E8FEC174B2CA900FB9299 /* SDWebImage */,
				10996C831749ECAE00AB3FF7 /* Supporting Files */,
			);
			path = WaterFlow_edition_01;
			sourceTree = "<group>";
		};
		10996C831749ECAE00AB3FF7 /* Supporting Files */ = {
			isa = PBXGroup;
			children = (
				10650BDD174CA4C000CF2455 /* 1.jpg */,
				10650BDE174CA4C000CF2455 /* 2.jpg */,
				10650BDF174CA4C000CF2455 /* 3.jpg */,
				10650BE0174CA4C000CF2455 /* 4.jpg */,
				10650BE1174CA4C000CF2455 /* 5.jpg */,
				10650BE2174CA4C000CF2455 /* 6.jpg */,
				10650BE3174CA4C000CF2455 /* 7.jpg */,
				10650BE4174CA4C000CF2455 /* 8.jpg */,
				10650BE5174CA4C000CF2455 /* 9.jpg */,
				10650BE6174CA4C000CF2455 /* 10.jpg */,
				10650BE7174CA4C000CF2455 /* 11.jpg */,
				102E900D174B2F6A00FB9299 /* placeholder.jpg */,
				102E900B174B2CE000FB9299 /* MapKit.framework */,
				102E9009174B2CDC00FB9299 /* ImageIO.framework */,
				10996C9F1749F10B00AB3FF7 /* bg1.png */,
				10996C841749ECAE00AB3FF7 /* WaterFlow_edition_01-Info.plist */,
				10996C851749ECAE00AB3FF7 /* InfoPlist.strings */,
				10996C881749ECAE00AB3FF7 /* main.m */,
				10996C8A1749ECAE00AB3FF7 /* WaterFlow_edition_01-Prefix.pch */,
				10996C8E1749ECAE00AB3FF7 /* Default.png */,
				10996C901749ECAE00AB3FF7 /* Default@2x.png */,
				10996C921749ECAE00AB3FF7 /* Default-568h@2x.png */,
			);
			name = "Supporting Files";
			sourceTree = "<group>";
		};
		10996CB01749FEEC00AB3FF7 /* WaterFlowFall */ = {
			isa = PBXGroup;
			children = (
				10996CA71749FE7500AB3FF7 /* CellInfo.h */,
				10996CA81749FE7500AB3FF7 /* CellInfo.m */,
				102E8FE9174B12F500FB9299 /* PathInfo.h */,
				102E8FEA174B12F500FB9299 /* PathInfo.m */,
				10996CB4174A003B00AB3FF7 /* WaterFallCell.h */,
				10996CB5174A003B00AB3FF7 /* WaterFallCell.m */,
				10996CB1174A002100AB3FF7 /* WaterFallView.h */,
				10996CB2174A002100AB3FF7 /* WaterFallView.m */,
			);
			name = WaterFlowFall;
			sourceTree = "<group>";
		};
/* End PBXGroup section */

/* Begin PBXNativeTarget section */
		10996C781749ECAE00AB3FF7 /* WaterFlow_edition_01 */ = {
			isa = PBXNativeTarget;
			buildConfigurationList = 10996C961749ECAE00AB3FF7 /* Build configuration list for PBXNativeTarget "WaterFlow_edition_01" */;
			buildPhases = (
				10996C751749ECAE00AB3FF7 /* Sources */,
				10996C761749ECAE00AB3FF7 /* Frameworks */,
				10996C771749ECAE00AB3FF7 /* Resources */,
			);
			buildRules = (
			);
			dependencies = (
			);
			name = WaterFlow_edition_01;
			productName = WaterFlow_edition_01;
			productReference = 10996C791749ECAE00AB3FF7 /* WaterFlow_edition_01.app */;
			productType = "com.apple.product-type.application";
		};
/* End PBXNativeTarget section */

/* Begin PBXProject section */
		10996C711749ECAE00AB3FF7 /* Project object */ = {
			isa = PBXProject;
			attributes = {
				LastUpgradeCheck = 0460;
				ORGANIZATIONNAME = marginChang;
			};
			buildConfigurationList = 10996C741749ECAE00AB3FF7 /* Build configuration list for PBXProject "WaterFlow_edition_01" */;
			compatibilityVersion = "Xcode 3.2";
			developmentRegion = English;
			hasScannedForEncodings = 0;
			knownRegions = (
				en,
			);
			mainGroup = 10996C701749ECAE00AB3FF7;
			productRefGroup = 10996C7A1749ECAE00AB3FF7 /* Products */;
			projectDirPath = "";
			projectRoot = "";
			targets = (
				10996C781749ECAE00AB3FF7 /* WaterFlow_edition_01 */,
			);
		};
/* End PBXProject section */

/* Begin PBXResourcesBuildPhase section */
		10996C771749ECAE00AB3FF7 /* Resources */ = {
			isa = PBXResourcesBuildPhase;
			buildActionMask = 2147483647;
			files = (
				10996C871749ECAE00AB3FF7 /* InfoPlist.strings in Resources */,
				10996C8F1749ECAE00AB3FF7 /* Default.png in Resources */,
				10996C911749ECAE00AB3FF7 /* Default@2x.png in Resources */,
				10996C931749ECAE00AB3FF7 /* Default-568h@2x.png in Resources */,
				10996CA01749F10B00AB3FF7 /* bg1.png in Resources */,
				102E900E174B2F6A00FB9299 /* placeholder.jpg in Resources */,
				10650BE8174CA4C000CF2455 /* 1.jpg in Resources */,
				10650BE9174CA4C000CF2455 /* 2.jpg in Resources */,
				10650BEA174CA4C000CF2455 /* 3.jpg in Resources */,
				10650BEB174CA4C000CF2455 /* 4.jpg in Resources */,
				10650BEC174CA4C000CF2455 /* 5.jpg in Resources */,
				10650BED174CA4C000CF2455 /* 6.jpg in Resources */,
				10650BEE174CA4C000CF2455 /* 7.jpg in Resources */,
				10650BEF174CA4C000CF2455 /* 8.jpg in Resources */,
				10650BF0174CA4C000CF2455 /* 9.jpg in Resources */,
				10650BF1174CA4C000CF2455 /* 10.jpg in Resources */,
				10650BF2174CA4C000CF2455 /* 11.jpg in Resources */,
			);
			runOnlyForDeploymentPostprocessing = 0;
		};
/* End PBXResourcesBuildPhase section */

/* Begin PBXSourcesBuildPhase section */
		10996C751749ECAE00AB3FF7 /* Sources */ = {
			isa = PBXSourcesBuildPhase;
			buildActionMask = 2147483647;
			files = (
				10996C891749ECAE00AB3FF7 /* main.m in Sources */,
				10996C8D1749ECAE00AB3FF7 /* AppDelegate.m in Sources */,
				10996C9E1749F0A500AB3FF7 /* WaterFlowViewController.m in Sources */,
				10996CA91749FE7500AB3FF7 /* CellInfo.m in Sources */,
				10996CB3174A002100AB3FF7 /* WaterFallView.m in Sources */,
				10996CB6174A003B00AB3FF7 /* WaterFallCell.m in Sources */,
				102E8FEB174B12F500FB9299 /* PathInfo.m in Sources */,
				102E9001174B2CD400FB9299 /* MKAnnotationView+WebCache.m in Sources */,
				102E9002174B2CD400FB9299 /* SDImageCache.m in Sources */,
				102E9003174B2CD400FB9299 /* SDWebImageDecoder.m in Sources */,
				102E9004174B2CD400FB9299 /* SDWebImageDownloader.m in Sources */,
				102E9005174B2CD400FB9299 /* SDWebImageManager.m in Sources */,
				102E9006174B2CD400FB9299 /* SDWebImagePrefetcher.m in Sources */,
				102E9007174B2CD400FB9299 /* UIButton+WebCache.m in Sources */,
				102E9008174B2CD400FB9299 /* UIImageView+WebCache.m in Sources */,
			);
			runOnlyForDeploymentPostprocessing = 0;
		};
/* End PBXSourcesBuildPhase section */

/* Begin PBXVariantGroup section */
		10996C851749ECAE00AB3FF7 /* InfoPlist.strings */ = {
			isa = PBXVariantGroup;
			children = (
				10996C861749ECAE00AB3FF7 /* en */,
			);
			name = InfoPlist.strings;
			sourceTree = "<group>";
		};
/* End PBXVariantGroup section */

/* Begin XCBuildConfiguration section */
		10996C941749ECAE00AB3FF7 /* Debug */ = {
			isa = XCBuildConfiguration;
			buildSettings = {
				ALWAYS_SEARCH_USER_PATHS = NO;
				CLANG_CXX_LANGUAGE_STANDARD = "gnu++0x";
				CLANG_CXX_LIBRARY = "libc++";
				CLANG_WARN_CONSTANT_CONVERSION = YES;
				CLANG_WARN_EMPTY_BODY = YES;
				CLANG_WARN_ENUM_CONVERSION = YES;
				CLANG_WARN_INT_CONVERSION = YES;
				CLANG_WARN__DUPLICATE_METHOD_MATCH = YES;
				"CODE_SIGN_IDENTITY[sdk=iphoneos*]" = "iPhone Developer";
				COPY_PHASE_STRIP = NO;
				GCC_C_LANGUAGE_STANDARD = gnu99;
				GCC_DYNAMIC_NO_PIC = NO;
				GCC_OPTIMIZATION_LEVEL = 0;
				GCC_PREPROCESSOR_DEFINITIONS = (
					"DEBUG=1",
					"$(inherited)",
				);
				GCC_SYMBOLS_PRIVATE_EXTERN = NO;
				GCC_WARN_ABOUT_RETURN_TYPE = YES;
				GCC_WARN_UNINITIALIZED_AUTOS = YES;
				GCC_WARN_UNUSED_VARIABLE = YES;
				IPHONEOS_DEPLOYMENT_TARGET = 6.1;
				ONLY_ACTIVE_ARCH = YES;
				SDKROOT = iphoneos;
			};
			name = Debug;
		};
		10996C951749ECAE00AB3FF7 /* Release */ = {
			isa = XCBuildConfiguration;
			buildSettings = {
				ALWAYS_SEARCH_USER_PATHS = NO;
				CLANG_CXX_LANGUAGE_STANDARD = "gnu++0x";
				CLANG_CXX_LIBRARY = "libc++";
				CLANG_WARN_CONSTANT_CONVERSION = YES;
				CLANG_WARN_EMPTY_BODY = YES;
				CLANG_WARN_ENUM_CONVERSION = YES;
				CLANG_WARN_INT_CONVERSION = YES;
				CLANG_WARN__DUPLICATE_METHOD_MATCH = YES;
				"CODE_SIGN_IDENTITY[sdk=iphoneos*]" = "iPhone Developer";
				COPY_PHASE_STRIP = YES;
				GCC_C_LANGUAGE_STANDARD = gnu99;
				GCC_WARN_ABOUT_RETURN_TYPE = YES;
				GCC_WARN_UNINITIALIZED_AUTOS = YES;
				GCC_WARN_UNUSED_VARIABLE = YES;
				IPHONEOS_DEPLOYMENT_TARGET = 6.1;
				OTHER_CFLAGS = "-DNS_BLOCK_ASSERTIONS=1";
				SDKROOT = iphoneos;
				VALIDATE_PRODUCT = YES;
			};
			name = Release;
		};
		10996C971749ECAE00AB3FF7 /* Debug */ = {
			isa = XCBuildConfiguration;
			buildSettings = {
				GCC_PRECOMPILE_PREFIX_HEADER = YES;
				GCC_PREFIX_HEADER = "WaterFlow_edition_01/WaterFlow_edition_01-Prefix.pch";
				INFOPLIST_FILE = "WaterFlow_edition_01/WaterFlow_edition_01-Info.plist";
				PRODUCT_NAME = "$(TARGET_NAME)";
				WRAPPER_EXTENSION = app;
			};
			name = Debug;
		};
		10996C981749ECAE00AB3FF7 /* Release */ = {
			isa = XCBuildConfiguration;
			buildSettings = {
				GCC_PRECOMPILE_PREFIX_HEADER = YES;
				GCC_PREFIX_HEADER = "WaterFlow_edition_01/WaterFlow_edition_01-Prefix.pch";
				INFOPLIST_FILE = "WaterFlow_edition_01/WaterFlow_edition_01-Info.plist";
				PRODUCT_NAME = "$(TARGET_NAME)";
				WRAPPER_EXTENSION = app;
			};
			name = Release;
		};
/* End XCBuildConfiguration section */

/* Begin XCConfigurationList section */
		10996C741749ECAE00AB3FF7 /* Build configuration list for PBXProject "WaterFlow_edition_01" */ = {
			isa = XCConfigurationList;
			buildConfigurations = (
				10996C941749ECAE00AB3FF7 /* Debug */,
				10996C951749ECAE00AB3FF7 /* Release */,
			);
			defaultConfigurationIsVisible = 0;
			defaultConfigurationName = Release;
		};
		10996C961749ECAE00AB3FF7 /* Build configuration list for PBXNativeTarget "WaterFlow_edition_01" */ = {
			isa = XCConfigurationList;
			buildConfigurations = (
				10996C971749ECAE00AB3FF7 /* Debug */,
				10996C981749ECAE00AB3FF7 /* Release */,
			);
			defaultConfigurationIsVisible = 0;
			defaultConfigurationName = Release;
		};
/* End XCConfigurationList section */
	};
	rootObject = 10996C711749ECAE00AB3FF7 /* Project object */;
}
